// !$*UTF8*$!
{
	archiveVersion = 1;
	classes = {
	};
	objectVersion = 55;
	objects = {

/* Begin PBXBuildFile section */
		2E3D85267688812DBF1C1EA9 /* Pods_TodayApp_TodayAppUITests.framework in Frameworks */ = {isa = PBXBuildFile; fileRef = A7523CA7A61BB1D42657FA03 /* Pods_TodayApp_TodayAppUITests.framework */; };
		753F0FFACE39A0D4C7F648D3 /* Pods_TodayAppTests.framework in Frameworks */ = {isa = PBXBuildFile; fileRef = 74260E9B129CD3C82F4D4BAE /* Pods_TodayAppTests.framework */; };
		BB364B6F276C62F19A9273F5 /* Pods_TodayApp.framework in Frameworks */ = {isa = PBXBuildFile; fileRef = 29A8069FBC81E0AFAA58E5B9 /* Pods_TodayApp.framework */; };
		E60BB4C02858837000781E84 /* AppDelegate.swift in Sources */ = {isa = PBXBuildFile; fileRef = E60BB4BF2858837000781E84 /* AppDelegate.swift */; };
		E60BB4C22858837000781E84 /* SceneDelegate.swift in Sources */ = {isa = PBXBuildFile; fileRef = E60BB4C12858837000781E84 /* SceneDelegate.swift */; };
		E60BB4C42858837000781E84 /* LoginVC.swift in Sources */ = {isa = PBXBuildFile; fileRef = E60BB4C32858837000781E84 /* LoginVC.swift */; };
		E60BB4C72858837000781E84 /* Main.storyboard in Resources */ = {isa = PBXBuildFile; fileRef = E60BB4C52858837000781E84 /* Main.storyboard */; };
		E60BB4C92858837300781E84 /* Assets.xcassets in Resources */ = {isa = PBXBuildFile; fileRef = E60BB4C82858837300781E84 /* Assets.xcassets */; };
		E60BB4CC2858837300781E84 /* LaunchScreen.storyboard in Resources */ = {isa = PBXBuildFile; fileRef = E60BB4CA2858837300781E84 /* LaunchScreen.storyboard */; };
		E60BB4D72858837300781E84 /* TodayAppTests.swift in Sources */ = {isa = PBXBuildFile; fileRef = E60BB4D62858837300781E84 /* TodayAppTests.swift */; };
		E60BB4E12858837300781E84 /* TodayAppUITests.swift in Sources */ = {isa = PBXBuildFile; fileRef = E60BB4E02858837300781E84 /* TodayAppUITests.swift */; };
		E60BB4E32858837300781E84 /* TodayAppUITestsLaunchTests.swift in Sources */ = {isa = PBXBuildFile; fileRef = E60BB4E22858837300781E84 /* TodayAppUITestsLaunchTests.swift */; };
		E60BB4F02858855A00781E84 /* SignInVC.swift in Sources */ = {isa = PBXBuildFile; fileRef = E60BB4EF2858855A00781E84 /* SignInVC.swift */; };
		E60BB4F22858856300781E84 /* MainVC.swift in Sources */ = {isa = PBXBuildFile; fileRef = E60BB4F12858856300781E84 /* MainVC.swift */; };
		E60BB4FA285955E200781E84 /* PostVC.swift in Sources */ = {isa = PBXBuildFile; fileRef = E60BB4F9285955E200781E84 /* PostVC.swift */; };
		E60BB4FC285955E900781E84 /* AddVC.swift in Sources */ = {isa = PBXBuildFile; fileRef = E60BB4FB285955E900781E84 /* AddVC.swift */; };
		E60BB4FE285955F200781E84 /* SettingVC.swift in Sources */ = {isa = PBXBuildFile; fileRef = E60BB4FD285955F200781E84 /* SettingVC.swift */; };
		E60BB50828595C6800781E84 /* GoogleService-Info.plist in Resources */ = {isa = PBXBuildFile; fileRef = E60BB50728595C6800781E84 /* GoogleService-Info.plist */; };
		E60BB50928595C6800781E84 /* GoogleService-Info.plist in Resources */ = {isa = PBXBuildFile; fileRef = E60BB50728595C6800781E84 /* GoogleService-Info.plist */; };
		E60BB50A28595C6800781E84 /* GoogleService-Info.plist in Resources */ = {isa = PBXBuildFile; fileRef = E60BB50728595C6800781E84 /* GoogleService-Info.plist */; };
		E60BB50C28595EA200781E84 /* LeeSeoyun.otf in Resources */ = {isa = PBXBuildFile; fileRef = E60BB50B28595E9A00781E84 /* LeeSeoyun.otf */; };
		E60BB50F2859618700781E84 /* EditButton.swift in Sources */ = {isa = PBXBuildFile; fileRef = E60BB50E2859618700781E84 /* EditButton.swift */; };
		E60BB5102859618700781E84 /* EditButton.swift in Sources */ = {isa = PBXBuildFile; fileRef = E60BB50E2859618700781E84 /* EditButton.swift */; };
		E60BB5112859618700781E84 /* EditButton.swift in Sources */ = {isa = PBXBuildFile; fileRef = E60BB50E2859618700781E84 /* EditButton.swift */; };
		E6263281285C51D200B1AFEF /* DateCell.swift in Sources */ = {isa = PBXBuildFile; fileRef = E6263280285C51D200B1AFEF /* DateCell.swift */; };
		E6263283285C51FA00B1AFEF /* TodoDataCell.swift in Sources */ = {isa = PBXBuildFile; fileRef = E6263282285C51FA00B1AFEF /* TodoDataCell.swift */; };
		E6263285285C520300B1AFEF /* EmptyCell.swift in Sources */ = {isa = PBXBuildFile; fileRef = E6263284285C520300B1AFEF /* EmptyCell.swift */; };
		E6263288285C536800B1AFEF /* TodoDataModel.swift in Sources */ = {isa = PBXBuildFile; fileRef = E6263287285C536800B1AFEF /* TodoDataModel.swift */; };
		E626328A285C53F800B1AFEF /* TodoDataViewModel.swift in Sources */ = {isa = PBXBuildFile; fileRef = E6263289285C53F800B1AFEF /* TodoDataViewModel.swift */; };
		E626328D285C58D200B1AFEF /* DatabaseService.swift in Sources */ = {isa = PBXBuildFile; fileRef = E626328C285C58D200B1AFEF /* DatabaseService.swift */; };
		E6398036285B03D500347E87 /* CustomAlert.swift in Sources */ = {isa = PBXBuildFile; fileRef = E6398035285B03D500347E87 /* CustomAlert.swift */; };
		E6398038285B0B6100347E87 /* AuthService.swift in Sources */ = {isa = PBXBuildFile; fileRef = E6398037285B0B6100347E87 /* AuthService.swift */; };
		E639803A285B192100347E87 /* CheckVaild.swift in Sources */ = {isa = PBXBuildFile; fileRef = E6398039285B192100347E87 /* CheckVaild.swift */; };
		E639803E285B254500347E87 /* IntroVC.swift in Sources */ = {isa = PBXBuildFile; fileRef = E639803D285B254500347E87 /* IntroVC.swift */; };
		E6398040285B265300347E87 /* AppManager.swift in Sources */ = {isa = PBXBuildFile; fileRef = E639803F285B265300347E87 /* AppManager.swift */; };
		E6C3F4A528600053000497AE /* ChangeFont.swift in Sources */ = {isa = PBXBuildFile; fileRef = E6C3F4A428600053000497AE /* ChangeFont.swift */; };
		E6C3F4A72860082D000497AE /* ChangeFormmater.swift in Sources */ = {isa = PBXBuildFile; fileRef = E6C3F4A62860082D000497AE /* ChangeFormmater.swift */; };
		E6C3F4A9286035FB000497AE /* TitleCell.swift in Sources */ = {isa = PBXBuildFile; fileRef = E6C3F4A8286035FB000497AE /* TitleCell.swift */; };
/* End PBXBuildFile section */

/* Begin PBXContainerItemProxy section */
		E60BB4D32858837300781E84 /* PBXContainerItemProxy */ = {
			isa = PBXContainerItemProxy;
			containerPortal = E60BB4B42858837000781E84 /* Project object */;
			proxyType = 1;
			remoteGlobalIDString = E60BB4BB2858837000781E84;
			remoteInfo = TodayApp;
		};
		E60BB4DD2858837300781E84 /* PBXContainerItemProxy */ = {
			isa = PBXContainerItemProxy;
			containerPortal = E60BB4B42858837000781E84 /* Project object */;
			proxyType = 1;
			remoteGlobalIDString = E60BB4BB2858837000781E84;
			remoteInfo = TodayApp;
		};
/* End PBXContainerItemProxy section */

/* Begin PBXFileReference section */
		266AED7FED52E954BE26DC01 /* Pods-TodayApp.release.xcconfig */ = {isa = PBXFileReference; includeInIndex = 1; lastKnownFileType = text.xcconfig; name = "Pods-TodayApp.release.xcconfig"; path = "Target Support Files/Pods-TodayApp/Pods-TodayApp.release.xcconfig"; sourceTree = "<group>"; };
		29A8069FBC81E0AFAA58E5B9 /* Pods_TodayApp.framework */ = {isa = PBXFileReference; explicitFileType = wrapper.framework; includeInIndex = 0; path = Pods_TodayApp.framework; sourceTree = BUILT_PRODUCTS_DIR; };
		5A2022B6E55B419AC2ADC1B4 /* Pods-TodayAppTests.release.xcconfig */ = {isa = PBXFileReference; includeInIndex = 1; lastKnownFileType = text.xcconfig; name = "Pods-TodayAppTests.release.xcconfig"; path = "Target Support Files/Pods-TodayAppTests/Pods-TodayAppTests.release.xcconfig"; sourceTree = "<group>"; };
		5C9972416E93F3473FC7A6AB /* Pods-TodayApp-TodayAppUITests.debug.xcconfig */ = {isa = PBXFileReference; includeInIndex = 1; lastKnownFileType = text.xcconfig; name = "Pods-TodayApp-TodayAppUITests.debug.xcconfig"; path = "Target Support Files/Pods-TodayApp-TodayAppUITests/Pods-TodayApp-TodayAppUITests.debug.xcconfig"; sourceTree = "<group>"; };
		74260E9B129CD3C82F4D4BAE /* Pods_TodayAppTests.framework */ = {isa = PBXFileReference; explicitFileType = wrapper.framework; includeInIndex = 0; path = Pods_TodayAppTests.framework; sourceTree = BUILT_PRODUCTS_DIR; };
		A7523CA7A61BB1D42657FA03 /* Pods_TodayApp_TodayAppUITests.framework */ = {isa = PBXFileReference; explicitFileType = wrapper.framework; includeInIndex = 0; path = Pods_TodayApp_TodayAppUITests.framework; sourceTree = BUILT_PRODUCTS_DIR; };
		CD1BDDB0C50F7DA25799C3D1 /* Pods-TodayApp.debug.xcconfig */ = {isa = PBXFileReference; includeInIndex = 1; lastKnownFileType = text.xcconfig; name = "Pods-TodayApp.debug.xcconfig"; path = "Target Support Files/Pods-TodayApp/Pods-TodayApp.debug.xcconfig"; sourceTree = "<group>"; };
		D3A7AD2CF1E614D6A60F70BE /* Pods-TodayApp-TodayAppUITests.release.xcconfig */ = {isa = PBXFileReference; includeInIndex = 1; lastKnownFileType = text.xcconfig; name = "Pods-TodayApp-TodayAppUITests.release.xcconfig"; path = "Target Support Files/Pods-TodayApp-TodayAppUITests/Pods-TodayApp-TodayAppUITests.release.xcconfig"; sourceTree = "<group>"; };
		E5FDE405416D477C7C832950 /* Pods-TodayAppTests.debug.xcconfig */ = {isa = PBXFileReference; includeInIndex = 1; lastKnownFileType = text.xcconfig; name = "Pods-TodayAppTests.debug.xcconfig"; path = "Target Support Files/Pods-TodayAppTests/Pods-TodayAppTests.debug.xcconfig"; sourceTree = "<group>"; };
		E60BB4BC2858837000781E84 /* TodayApp.app */ = {isa = PBXFileReference; explicitFileType = wrapper.application; includeInIndex = 0; path = TodayApp.app; sourceTree = BUILT_PRODUCTS_DIR; };
		E60BB4BF2858837000781E84 /* AppDelegate.swift */ = {isa = PBXFileReference; lastKnownFileType = sourcecode.swift; path = AppDelegate.swift; sourceTree = "<group>"; };
		E60BB4C12858837000781E84 /* SceneDelegate.swift */ = {isa = PBXFileReference; lastKnownFileType = sourcecode.swift; path = SceneDelegate.swift; sourceTree = "<group>"; };
		E60BB4C32858837000781E84 /* LoginVC.swift */ = {isa = PBXFileReference; lastKnownFileType = sourcecode.swift; path = LoginVC.swift; sourceTree = "<group>"; };
		E60BB4C62858837000781E84 /* Base */ = {isa = PBXFileReference; lastKnownFileType = file.storyboard; name = Base; path = Base.lproj/Main.storyboard; sourceTree = "<group>"; };
		E60BB4C82858837300781E84 /* Assets.xcassets */ = {isa = PBXFileReference; lastKnownFileType = folder.assetcatalog; path = Assets.xcassets; sourceTree = "<group>"; };
		E60BB4CB2858837300781E84 /* Base */ = {isa = PBXFileReference; lastKnownFileType = file.storyboard; name = Base; path = Base.lproj/LaunchScreen.storyboard; sourceTree = "<group>"; };
		E60BB4CD2858837300781E84 /* Info.plist */ = {isa = PBXFileReference; lastKnownFileType = text.plist.xml; path = Info.plist; sourceTree = "<group>"; };
		E60BB4D22858837300781E84 /* TodayAppTests.xctest */ = {isa = PBXFileReference; explicitFileType = wrapper.cfbundle; includeInIndex = 0; path = TodayAppTests.xctest; sourceTree = BUILT_PRODUCTS_DIR; };
		E60BB4D62858837300781E84 /* TodayAppTests.swift */ = {isa = PBXFileReference; lastKnownFileType = sourcecode.swift; path = TodayAppTests.swift; sourceTree = "<group>"; };
		E60BB4DC2858837300781E84 /* TodayAppUITests.xctest */ = {isa = PBXFileReference; explicitFileType = wrapper.cfbundle; includeInIndex = 0; path = TodayAppUITests.xctest; sourceTree = BUILT_PRODUCTS_DIR; };
		E60BB4E02858837300781E84 /* TodayAppUITests.swift */ = {isa = PBXFileReference; lastKnownFileType = sourcecode.swift; path = TodayAppUITests.swift; sourceTree = "<group>"; };
		E60BB4E22858837300781E84 /* TodayAppUITestsLaunchTests.swift */ = {isa = PBXFileReference; lastKnownFileType = sourcecode.swift; path = TodayAppUITestsLaunchTests.swift; sourceTree = "<group>"; };
		E60BB4EF2858855A00781E84 /* SignInVC.swift */ = {isa = PBXFileReference; lastKnownFileType = sourcecode.swift; path = SignInVC.swift; sourceTree = "<group>"; };
		E60BB4F12858856300781E84 /* MainVC.swift */ = {isa = PBXFileReference; lastKnownFileType = sourcecode.swift; path = MainVC.swift; sourceTree = "<group>"; };
		E60BB4F9285955E200781E84 /* PostVC.swift */ = {isa = PBXFileReference; lastKnownFileType = sourcecode.swift; path = PostVC.swift; sourceTree = "<group>"; };
		E60BB4FB285955E900781E84 /* AddVC.swift */ = {isa = PBXFileReference; lastKnownFileType = sourcecode.swift; path = AddVC.swift; sourceTree = "<group>"; };
		E60BB4FD285955F200781E84 /* SettingVC.swift */ = {isa = PBXFileReference; lastKnownFileType = sourcecode.swift; path = SettingVC.swift; sourceTree = "<group>"; };
		E60BB50728595C6800781E84 /* GoogleService-Info.plist */ = {isa = PBXFileReference; lastKnownFileType = text.plist; path = "GoogleService-Info.plist"; sourceTree = SOURCE_ROOT; };
		E60BB50B28595E9A00781E84 /* LeeSeoyun.otf */ = {isa = PBXFileReference; lastKnownFileType = file; path = LeeSeoyun.otf; sourceTree = "<group>"; };
		E60BB50E2859618700781E84 /* EditButton.swift */ = {isa = PBXFileReference; lastKnownFileType = sourcecode.swift; path = EditButton.swift; sourceTree = "<group>"; };
		E6263280285C51D200B1AFEF /* DateCell.swift */ = {isa = PBXFileReference; lastKnownFileType = sourcecode.swift; path = DateCell.swift; sourceTree = "<group>"; };
		E6263282285C51FA00B1AFEF /* TodoDataCell.swift */ = {isa = PBXFileReference; lastKnownFileType = sourcecode.swift; path = TodoDataCell.swift; sourceTree = "<group>"; };
		E6263284285C520300B1AFEF /* EmptyCell.swift */ = {isa = PBXFileReference; lastKnownFileType = sourcecode.swift; path = EmptyCell.swift; sourceTree = "<group>"; };
		E6263287285C536800B1AFEF /* TodoDataModel.swift */ = {isa = PBXFileReference; lastKnownFileType = sourcecode.swift; path = TodoDataModel.swift; sourceTree = "<group>"; };
		E6263289285C53F800B1AFEF /* TodoDataViewModel.swift */ = {isa = PBXFileReference; lastKnownFileType = sourcecode.swift; path = TodoDataViewModel.swift; sourceTree = "<group>"; };
		E626328C285C58D200B1AFEF /* DatabaseService.swift */ = {isa = PBXFileReference; lastKnownFileType = sourcecode.swift; path = DatabaseService.swift; sourceTree = "<group>"; };
		E6398035285B03D500347E87 /* CustomAlert.swift */ = {isa = PBXFileReference; lastKnownFileType = sourcecode.swift; path = CustomAlert.swift; sourceTree = "<group>"; };
		E6398037285B0B6100347E87 /* AuthService.swift */ = {isa = PBXFileReference; lastKnownFileType = sourcecode.swift; path = AuthService.swift; sourceTree = "<group>"; };
		E6398039285B192100347E87 /* CheckVaild.swift */ = {isa = PBXFileReference; lastKnownFileType = sourcecode.swift; path = CheckVaild.swift; sourceTree = "<group>"; };
		E639803D285B254500347E87 /* IntroVC.swift */ = {isa = PBXFileReference; lastKnownFileType = sourcecode.swift; path = IntroVC.swift; sourceTree = "<group>"; };
		E639803F285B265300347E87 /* AppManager.swift */ = {isa = PBXFileReference; lastKnownFileType = sourcecode.swift; path = AppManager.swift; sourceTree = "<group>"; };
		E6C3F4A428600053000497AE /* ChangeFont.swift */ = {isa = PBXFileReference; lastKnownFileType = sourcecode.swift; path = ChangeFont.swift; sourceTree = "<group>"; };
		E6C3F4A62860082D000497AE /* ChangeFormmater.swift */ = {isa = PBXFileReference; lastKnownFileType = sourcecode.swift; path = ChangeFormmater.swift; sourceTree = "<group>"; };
		E6C3F4A8286035FB000497AE /* TitleCell.swift */ = {isa = PBXFileReference; lastKnownFileType = sourcecode.swift; name = TitleCell.swift; path = ../../../TitleCell.swift; sourceTree = "<group>"; };
/* End PBXFileReference section */

/* Begin PBXFrameworksBuildPhase section */
		E60BB4B92858837000781E84 /* Frameworks */ = {
			isa = PBXFrameworksBuildPhase;
			buildActionMask = 2147483647;
			files = (
				BB364B6F276C62F19A9273F5 /* Pods_TodayApp.framework in Frameworks */,
			);
			runOnlyForDeploymentPostprocessing = 0;
		};
		E60BB4CF2858837300781E84 /* Frameworks */ = {
			isa = PBXFrameworksBuildPhase;
			buildActionMask = 2147483647;
			files = (
				753F0FFACE39A0D4C7F648D3 /* Pods_TodayAppTests.framework in Frameworks */,
			);
			runOnlyForDeploymentPostprocessing = 0;
		};
		E60BB4D92858837300781E84 /* Frameworks */ = {
			isa = PBXFrameworksBuildPhase;
			buildActionMask = 2147483647;
			files = (
				2E3D85267688812DBF1C1EA9 /* Pods_TodayApp_TodayAppUITests.framework in Frameworks */,
			);
			runOnlyForDeploymentPostprocessing = 0;
		};
/* End PBXFrameworksBuildPhase section */

/* Begin PBXGroup section */
		69C22DA21A73FA3112648ADD /* Pods */ = {
			isa = PBXGroup;
			children = (
				CD1BDDB0C50F7DA25799C3D1 /* Pods-TodayApp.debug.xcconfig */,
				266AED7FED52E954BE26DC01 /* Pods-TodayApp.release.xcconfig */,
				5C9972416E93F3473FC7A6AB /* Pods-TodayApp-TodayAppUITests.debug.xcconfig */,
				D3A7AD2CF1E614D6A60F70BE /* Pods-TodayApp-TodayAppUITests.release.xcconfig */,
				E5FDE405416D477C7C832950 /* Pods-TodayAppTests.debug.xcconfig */,
				5A2022B6E55B419AC2ADC1B4 /* Pods-TodayAppTests.release.xcconfig */,
			);
			path = Pods;
			sourceTree = "<group>";
		};
		A6A149173FE6E384D6824034 /* Frameworks */ = {
			isa = PBXGroup;
			children = (
				29A8069FBC81E0AFAA58E5B9 /* Pods_TodayApp.framework */,
				A7523CA7A61BB1D42657FA03 /* Pods_TodayApp_TodayAppUITests.framework */,
				74260E9B129CD3C82F4D4BAE /* Pods_TodayAppTests.framework */,
			);
			name = Frameworks;
			sourceTree = "<group>";
		};
		E60BB4B32858837000781E84 = {
			isa = PBXGroup;
			children = (
				E60BB4BE2858837000781E84 /* TodayApp */,
				E60BB4D52858837300781E84 /* TodayAppTests */,
				E60BB4DF2858837300781E84 /* TodayAppUITests */,
				E60BB4BD2858837000781E84 /* Products */,
				69C22DA21A73FA3112648ADD /* Pods */,
				A6A149173FE6E384D6824034 /* Frameworks */,
			);
			sourceTree = "<group>";
		};
		E60BB4BD2858837000781E84 /* Products */ = {
			isa = PBXGroup;
			children = (
				E60BB4BC2858837000781E84 /* TodayApp.app */,
				E60BB4D22858837300781E84 /* TodayAppTests.xctest */,
				E60BB4DC2858837300781E84 /* TodayAppUITests.xctest */,
			);
			name = Products;
			sourceTree = "<group>";
		};
		E60BB4BE2858837000781E84 /* TodayApp */ = {
			isa = PBXGroup;
			children = (
				E626328B285C589E00B1AFEF /* Service */,
				E60BB50D2859615800781E84 /* Appearance */,
				E60BB4F8285955C500781E84 /* Cell */,
				E60BB4F7285955BE00781E84 /* Model */,
				E60BB4F6285955B800781E84 /* ViewModel */,
				E60BB4F32859558600781E84 /* ViewController */,
				E6C3F4A2285FF957000497AE /* Storyboard */,
				E6C3F4A3285FF968000497AE /* Delegate */,
				E60BB4C82858837300781E84 /* Assets.xcassets */,
				E60BB4CD2858837300781E84 /* Info.plist */,
				E60BB50728595C6800781E84 /* GoogleService-Info.plist */,
				E60BB50B28595E9A00781E84 /* LeeSeoyun.otf */,
			);
			path = TodayApp;
			sourceTree = "<group>";
		};
		E60BB4D52858837300781E84 /* TodayAppTests */ = {
			isa = PBXGroup;
			children = (
				E60BB4D62858837300781E84 /* TodayAppTests.swift */,
			);
			path = TodayAppTests;
			sourceTree = "<group>";
		};
		E60BB4DF2858837300781E84 /* TodayAppUITests */ = {
			isa = PBXGroup;
			children = (
				E60BB4E02858837300781E84 /* TodayAppUITests.swift */,
				E60BB4E22858837300781E84 /* TodayAppUITestsLaunchTests.swift */,
			);
			path = TodayAppUITests;
			sourceTree = "<group>";
		};
		E60BB4F32859558600781E84 /* ViewController */ = {
			isa = PBXGroup;
			children = (
				E60BB4F42859559600781E84 /* Login&Join */,
				E60BB4F5285955A400781E84 /* Main */,
			);
			path = ViewController;
			sourceTree = "<group>";
		};
		E60BB4F42859559600781E84 /* Login&Join */ = {
			isa = PBXGroup;
			children = (
				E639803D285B254500347E87 /* IntroVC.swift */,
				E60BB4C32858837000781E84 /* LoginVC.swift */,
				E60BB4EF2858855A00781E84 /* SignInVC.swift */,
			);
			path = "Login&Join";
			sourceTree = "<group>";
		};
		E60BB4F5285955A400781E84 /* Main */ = {
			isa = PBXGroup;
			children = (
				E60BB4FB285955E900781E84 /* AddVC.swift */,
				E60BB4F12858856300781E84 /* MainVC.swift */,
				E60BB4F9285955E200781E84 /* PostVC.swift */,
				E60BB4FD285955F200781E84 /* SettingVC.swift */,
			);
			path = Main;
			sourceTree = "<group>";
		};
		E60BB4F6285955B800781E84 /* ViewModel */ = {
			isa = PBXGroup;
			children = (
				E6263289285C53F800B1AFEF /* TodoDataViewModel.swift */,
			);
			path = ViewModel;
			sourceTree = "<group>";
		};
		E60BB4F7285955BE00781E84 /* Model */ = {
			isa = PBXGroup;
			children = (
				E6263287285C536800B1AFEF /* TodoDataModel.swift */,
			);
			path = Model;
			sourceTree = "<group>";
		};
		E60BB4F8285955C500781E84 /* Cell */ = {
			isa = PBXGroup;
			children = (
				E6263286285C520800B1AFEF /* MainCell */,
			);
			path = Cell;
			sourceTree = "<group>";
		};
		E60BB50D2859615800781E84 /* Appearance */ = {
			isa = PBXGroup;
			children = (
				E60BB50E2859618700781E84 /* EditButton.swift */,
				E6398035285B03D500347E87 /* CustomAlert.swift */,
				E6C3F4A428600053000497AE /* ChangeFont.swift */,
				E6C3F4A62860082D000497AE /* ChangeFormmater.swift */,
			);
			path = Appearance;
			sourceTree = "<group>";
		};
		E6263286285C520800B1AFEF /* MainCell */ = {
			isa = PBXGroup;
			children = (
				E6263280285C51D200B1AFEF /* DateCell.swift */,
				E6263284285C520300B1AFEF /* EmptyCell.swift */,
				E6263282285C51FA00B1AFEF /* TodoDataCell.swift */,
				E6C3F4A8286035FB000497AE /* TitleCell.swift */,
			);
			name = MainCell;
			sourceTree = "<group>";
		};
		E626328B285C589E00B1AFEF /* Service */ = {
			isa = PBXGroup;
			children = (
				E6398037285B0B6100347E87 /* AuthService.swift */,
				E6398039285B192100347E87 /* CheckVaild.swift */,
				E626328C285C58D200B1AFEF /* DatabaseService.swift */,
			);
			path = Service;
			sourceTree = "<group>";
		};
		E6C3F4A2285FF957000497AE /* Storyboard */ = {
			isa = PBXGroup;
			children = (
				E60BB4C52858837000781E84 /* Main.storyboard */,
				E60BB4CA2858837300781E84 /* LaunchScreen.storyboard */,
			);
			path = Storyboard;
			sourceTree = "<group>";
		};
		E6C3F4A3285FF968000497AE /* Delegate */ = {
			isa = PBXGroup;
			children = (
				E639803F285B265300347E87 /* AppManager.swift */,
				E60BB4BF2858837000781E84 /* AppDelegate.swift */,
				E60BB4C12858837000781E84 /* SceneDelegate.swift */,
			);
			path = Delegate;
			sourceTree = "<group>";
		};
/* End PBXGroup section */

/* Begin PBXNativeTarget section */
		E60BB4BB2858837000781E84 /* TodayApp */ = {
			isa = PBXNativeTarget;
			buildConfigurationList = E60BB4E62858837300781E84 /* Build configuration list for PBXNativeTarget "TodayApp" */;
			buildPhases = (
				4B25B34C1E9BF6382674EDE6 /* [CP] Check Pods Manifest.lock */,
				E60BB4B82858837000781E84 /* Sources */,
				E60BB4B92858837000781E84 /* Frameworks */,
				E60BB4BA2858837000781E84 /* Resources */,
				8479995866F4A6B5CFEED7C1 /* [CP] Embed Pods Frameworks */,
			);
			buildRules = (
			);
			dependencies = (
			);
			name = TodayApp;
			productName = TodayApp;
			productReference = E60BB4BC2858837000781E84 /* TodayApp.app */;
			productType = "com.apple.product-type.application";
		};
		E60BB4D12858837300781E84 /* TodayAppTests */ = {
			isa = PBXNativeTarget;
			buildConfigurationList = E60BB4E92858837300781E84 /* Build configuration list for PBXNativeTarget "TodayAppTests" */;
			buildPhases = (
				5792799987BFA1AAD5B914C0 /* [CP] Check Pods Manifest.lock */,
				E60BB4CE2858837300781E84 /* Sources */,
				E60BB4CF2858837300781E84 /* Frameworks */,
				E60BB4D02858837300781E84 /* Resources */,
			);
			buildRules = (
			);
			dependencies = (
				E60BB4D42858837300781E84 /* PBXTargetDependency */,
			);
			name = TodayAppTests;
			productName = TodayAppTests;
			productReference = E60BB4D22858837300781E84 /* TodayAppTests.xctest */;
			productType = "com.apple.product-type.bundle.unit-test";
		};
		E60BB4DB2858837300781E84 /* TodayAppUITests */ = {
			isa = PBXNativeTarget;
			buildConfigurationList = E60BB4EC2858837300781E84 /* Build configuration list for PBXNativeTarget "TodayAppUITests" */;
			buildPhases = (
				D9231F5BB1AD9B77E2786F1D /* [CP] Check Pods Manifest.lock */,
				E60BB4D82858837300781E84 /* Sources */,
				E60BB4D92858837300781E84 /* Frameworks */,
				E60BB4DA2858837300781E84 /* Resources */,
				4026ED39D7DD1D056B1C03FD /* [CP] Embed Pods Frameworks */,
			);
			buildRules = (
			);
			dependencies = (
				E60BB4DE2858837300781E84 /* PBXTargetDependency */,
			);
			name = TodayAppUITests;
			productName = TodayAppUITests;
			productReference = E60BB4DC2858837300781E84 /* TodayAppUITests.xctest */;
			productType = "com.apple.product-type.bundle.ui-testing";
		};
/* End PBXNativeTarget section */

/* Begin PBXProject section */
		E60BB4B42858837000781E84 /* Project object */ = {
			isa = PBXProject;
			attributes = {
				BuildIndependentTargetsInParallel = 1;
				LastSwiftUpdateCheck = 1340;
				LastUpgradeCheck = 1340;
				TargetAttributes = {
					E60BB4BB2858837000781E84 = {
						CreatedOnToolsVersion = 13.4.1;
					};
					E60BB4D12858837300781E84 = {
						CreatedOnToolsVersion = 13.4.1;
						TestTargetID = E60BB4BB2858837000781E84;
					};
					E60BB4DB2858837300781E84 = {
						CreatedOnToolsVersion = 13.4.1;
						TestTargetID = E60BB4BB2858837000781E84;
					};
				};
			};
			buildConfigurationList = E60BB4B72858837000781E84 /* Build configuration list for PBXProject "TodayApp" */;
			compatibilityVersion = "Xcode 13.0";
			developmentRegion = en;
			hasScannedForEncodings = 0;
			knownRegions = (
				en,
				Base,
			);
			mainGroup = E60BB4B32858837000781E84;
			productRefGroup = E60BB4BD2858837000781E84 /* Products */;
			projectDirPath = "";
			projectRoot = "";
			targets = (
				E60BB4BB2858837000781E84 /* TodayApp */,
				E60BB4D12858837300781E84 /* TodayAppTests */,
				E60BB4DB2858837300781E84 /* TodayAppUITests */,
			);
		};
/* End PBXProject section */

/* Begin PBXResourcesBuildPhase section */
		E60BB4BA2858837000781E84 /* Resources */ = {
			isa = PBXResourcesBuildPhase;
			buildActionMask = 2147483647;
			files = (
				E60BB4CC2858837300781E84 /* LaunchScreen.storyboard in Resources */,
				E60BB50828595C6800781E84 /* GoogleService-Info.plist in Resources */,
				E60BB50C28595EA200781E84 /* LeeSeoyun.otf in Resources */,
				E60BB4C92858837300781E84 /* Assets.xcassets in Resources */,
				E60BB4C72858837000781E84 /* Main.storyboard in Resources */,
			);
			runOnlyForDeploymentPostprocessing = 0;
		};
		E60BB4D02858837300781E84 /* Resources */ = {
			isa = PBXResourcesBuildPhase;
			buildActionMask = 2147483647;
			files = (
				E60BB50928595C6800781E84 /* GoogleService-Info.plist in Resources */,
			);
			runOnlyForDeploymentPostprocessing = 0;
		};
		E60BB4DA2858837300781E84 /* Resources */ = {
			isa = PBXResourcesBuildPhase;
			buildActionMask = 2147483647;
			files = (
				E60BB50A28595C6800781E84 /* GoogleService-Info.plist in Resources */,
			);
			runOnlyForDeploymentPostprocessing = 0;
		};
/* End PBXResourcesBuildPhase section */

/* Begin PBXShellScriptBuildPhase section */
		4026ED39D7DD1D056B1C03FD /* [CP] Embed Pods Frameworks */ = {
			isa = PBXShellScriptBuildPhase;
			buildActionMask = 2147483647;
			files = (
			);
			inputFileListPaths = (
				"${PODS_ROOT}/Target Support Files/Pods-TodayApp-TodayAppUITests/Pods-TodayApp-TodayAppUITests-frameworks-${CONFIGURATION}-input-files.xcfilelist",
			);
			name = "[CP] Embed Pods Frameworks";
			outputFileListPaths = (
				"${PODS_ROOT}/Target Support Files/Pods-TodayApp-TodayAppUITests/Pods-TodayApp-TodayAppUITests-frameworks-${CONFIGURATION}-output-files.xcfilelist",
			);
			runOnlyForDeploymentPostprocessing = 0;
			shellPath = /bin/sh;
			shellScript = "\"${PODS_ROOT}/Target Support Files/Pods-TodayApp-TodayAppUITests/Pods-TodayApp-TodayAppUITests-frameworks.sh\"\n";
			showEnvVarsInLog = 0;
		};
		4B25B34C1E9BF6382674EDE6 /* [CP] Check Pods Manifest.lock */ = {
			isa = PBXShellScriptBuildPhase;
			buildActionMask = 2147483647;
			files = (
			);
			inputFileListPaths = (
			);
			inputPaths = (
				"${PODS_PODFILE_DIR_PATH}/Podfile.lock",
				"${PODS_ROOT}/Manifest.lock",
			);
			name = "[CP] Check Pods Manifest.lock";
			outputFileListPaths = (
			);
			outputPaths = (
				"$(DERIVED_FILE_DIR)/Pods-TodayApp-checkManifestLockResult.txt",
			);
			runOnlyForDeploymentPostprocessing = 0;
			shellPath = /bin/sh;
			shellScript = "diff \"${PODS_PODFILE_DIR_PATH}/Podfile.lock\" \"${PODS_ROOT}/Manifest.lock\" > /dev/null\nif [ $? != 0 ] ; then\n    # print error to STDERR\n    echo \"error: The sandbox is not in sync with the Podfile.lock. Run 'pod install' or update your CocoaPods installation.\" >&2\n    exit 1\nfi\n# This output is used by Xcode 'outputs' to avoid re-running this script phase.\necho \"SUCCESS\" > \"${SCRIPT_OUTPUT_FILE_0}\"\n";
			showEnvVarsInLog = 0;
		};
		5792799987BFA1AAD5B914C0 /* [CP] Check Pods Manifest.lock */ = {
			isa = PBXShellScriptBuildPhase;
			buildActionMask = 2147483647;
			files = (
			);
			inputFileListPaths = (
			);
			inputPaths = (
				"${PODS_PODFILE_DIR_PATH}/Podfile.lock",
				"${PODS_ROOT}/Manifest.lock",
			);
			name = "[CP] Check Pods Manifest.lock";
			outputFileListPaths = (
			);
			outputPaths = (
				"$(DERIVED_FILE_DIR)/Pods-TodayAppTests-checkManifestLockResult.txt",
			);
			runOnlyForDeploymentPostprocessing = 0;
			shellPath = /bin/sh;
			shellScript = "diff \"${PODS_PODFILE_DIR_PATH}/Podfile.lock\" \"${PODS_ROOT}/Manifest.lock\" > /dev/null\nif [ $? != 0 ] ; then\n    # print error to STDERR\n    echo \"error: The sandbox is not in sync with the Podfile.lock. Run 'pod install' or update your CocoaPods installation.\" >&2\n    exit 1\nfi\n# This output is used by Xcode 'outputs' to avoid re-running this script phase.\necho \"SUCCESS\" > \"${SCRIPT_OUTPUT_FILE_0}\"\n";
			showEnvVarsInLog = 0;
		};
		8479995866F4A6B5CFEED7C1 /* [CP] Embed Pods Frameworks */ = {
			isa = PBXShellScriptBuildPhase;
			buildActionMask = 2147483647;
			files = (
			);
			inputFileListPaths = (
				"${PODS_ROOT}/Target Support Files/Pods-TodayApp/Pods-TodayApp-frameworks-${CONFIGURATION}-input-files.xcfilelist",
			);
			name = "[CP] Embed Pods Frameworks";
			outputFileListPaths = (
				"${PODS_ROOT}/Target Support Files/Pods-TodayApp/Pods-TodayApp-frameworks-${CONFIGURATION}-output-files.xcfilelist",
			);
			runOnlyForDeploymentPostprocessing = 0;
			shellPath = /bin/sh;
			shellScript = "\"${PODS_ROOT}/Target Support Files/Pods-TodayApp/Pods-TodayApp-frameworks.sh\"\n";
			showEnvVarsInLog = 0;
		};
		D9231F5BB1AD9B77E2786F1D /* [CP] Check Pods Manifest.lock */ = {
			isa = PBXShellScriptBuildPhase;
			buildActionMask = 2147483647;
			files = (
			);
			inputFileListPaths = (
			);
			inputPaths = (
				"${PODS_PODFILE_DIR_PATH}/Podfile.lock",
				"${PODS_ROOT}/Manifest.lock",
			);
			name = "[CP] Check Pods Manifest.lock";
			outputFileListPaths = (
			);
			outputPaths = (
				"$(DERIVED_FILE_DIR)/Pods-TodayApp-TodayAppUITests-checkManifestLockResult.txt",
			);
			runOnlyForDeploymentPostprocessing = 0;
			shellPath = /bin/sh;
			shellScript = "diff \"${PODS_PODFILE_DIR_PATH}/Podfile.lock\" \"${PODS_ROOT}/Manifest.lock\" > /dev/null\nif [ $? != 0 ] ; then\n    # print error to STDERR\n    echo \"error: The sandbox is not in sync with the Podfile.lock. Run 'pod install' or update your CocoaPods installation.\" >&2\n    exit 1\nfi\n# This output is used by Xcode 'outputs' to avoid re-running this script phase.\necho \"SUCCESS\" > \"${SCRIPT_OUTPUT_FILE_0}\"\n";
			showEnvVarsInLog = 0;
		};
/* End PBXShellScriptBuildPhase section */

/* Begin PBXSourcesBuildPhase section */
		E60BB4B82858837000781E84 /* Sources */ = {
			isa = PBXSourcesBuildPhase;
			buildActionMask = 2147483647;
			files = (
				E60BB4FA285955E200781E84 /* PostVC.swift in Sources */,
				E6263288285C536800B1AFEF /* TodoDataModel.swift in Sources */,
				E639803E285B254500347E87 /* IntroVC.swift in Sources */,
				E639803A285B192100347E87 /* CheckVaild.swift in Sources */,
				E6C3F4A9286035FB000497AE /* TitleCell.swift in Sources */,
				E60BB50F2859618700781E84 /* EditButton.swift in Sources */,
				E60BB4FE285955F200781E84 /* SettingVC.swift in Sources */,
				E60BB4F02858855A00781E84 /* SignInVC.swift in Sources */,
				E60BB4F22858856300781E84 /* MainVC.swift in Sources */,
				E6263281285C51D200B1AFEF /* DateCell.swift in Sources */,
				E626328A285C53F800B1AFEF /* TodoDataViewModel.swift in Sources */,
				E6C3F4A528600053000497AE /* ChangeFont.swift in Sources */,
				E60BB4C42858837000781E84 /* LoginVC.swift in Sources */,
				E6263285285C520300B1AFEF /* EmptyCell.swift in Sources */,
				E60BB4C02858837000781E84 /* AppDelegate.swift in Sources */,
				E60BB4FC285955E900781E84 /* AddVC.swift in Sources */,
				E626328D285C58D200B1AFEF /* DatabaseService.swift in Sources */,
				E60BB4C22858837000781E84 /* SceneDelegate.swift in Sources */,
				E6C3F4A72860082D000497AE /* ChangeFormmater.swift in Sources */,
				E6398036285B03D500347E87 /* CustomAlert.swift in Sources */,
				E6398038285B0B6100347E87 /* AuthService.swift in Sources */,
				E6263283285C51FA00B1AFEF /* TodoDataCell.swift in Sources */,
				E6398040285B265300347E87 /* AppManager.swift in Sources */,
			);
			runOnlyForDeploymentPostprocessing = 0;
		};
		E60BB4CE2858837300781E84 /* Sources */ = {
			isa = PBXSourcesBuildPhase;
			buildActionMask = 2147483647;
			files = (
				E60BB4D72858837300781E84 /* TodayAppTests.swift in Sources */,
				E60BB5102859618700781E84 /* EditButton.swift in Sources */,
			);
			runOnlyForDeploymentPostprocessing = 0;
		};
		E60BB4D82858837300781E84 /* Sources */ = {
			isa = PBXSourcesBuildPhase;
			buildActionMask = 2147483647;
			files = (
				E60BB4E32858837300781E84 /* TodayAppUITestsLaunchTests.swift in Sources */,
				E60BB5112859618700781E84 /* EditButton.swift in Sources */,
				E60BB4E12858837300781E84 /* TodayAppUITests.swift in Sources */,
			);
			runOnlyForDeploymentPostprocessing = 0;
		};
/* End PBXSourcesBuildPhase section */

/* Begin PBXTargetDependency section */
		E60BB4D42858837300781E84 /* PBXTargetDependency */ = {
			isa = PBXTargetDependency;
			target = E60BB4BB2858837000781E84 /* TodayApp */;
			targetProxy = E60BB4D32858837300781E84 /* PBXContainerItemProxy */;
		};
		E60BB4DE2858837300781E84 /* PBXTargetDependency */ = {
			isa = PBXTargetDependency;
			target = E60BB4BB2858837000781E84 /* TodayApp */;
			targetProxy = E60BB4DD2858837300781E84 /* PBXContainerItemProxy */;
		};
/* End PBXTargetDependency section */

/* Begin PBXVariantGroup section */
		E60BB4C52858837000781E84 /* Main.storyboard */ = {
			isa = PBXVariantGroup;
			children = (
				E60BB4C62858837000781E84 /* Base */,
			);
			name = Main.storyboard;
			sourceTree = "<group>";
		};
		E60BB4CA2858837300781E84 /* LaunchScreen.storyboard */ = {
			isa = PBXVariantGroup;
			children = (
				E60BB4CB2858837300781E84 /* Base */,
			);
			name = LaunchScreen.storyboard;
			sourceTree = "<group>";
		};
/* End PBXVariantGroup section */

/* Begin XCBuildConfiguration section */
		E60BB4E42858837300781E84 /* Debug */ = {
			isa = XCBuildConfiguration;
			buildSettings = {
				ALWAYS_SEARCH_USER_PATHS = NO;
				CLANG_ANALYZER_NONNULL = YES;
				CLANG_ANALYZER_NUMBER_OBJECT_CONVERSION = YES_AGGRESSIVE;
				CLANG_CXX_LANGUAGE_STANDARD = "gnu++17";
				CLANG_ENABLE_MODULES = YES;
				CLANG_ENABLE_OBJC_ARC = YES;
				CLANG_ENABLE_OBJC_WEAK = YES;
				CLANG_WARN_BLOCK_CAPTURE_AUTORELEASING = YES;
				CLANG_WARN_BOOL_CONVERSION = YES;
				CLANG_WARN_COMMA = YES;
				CLANG_WARN_CONSTANT_CONVERSION = YES;
				CLANG_WARN_DEPRECATED_OBJC_IMPLEMENTATIONS = YES;
				CLANG_WARN_DIRECT_OBJC_ISA_USAGE = YES_ERROR;
				CLANG_WARN_DOCUMENTATION_COMMENTS = YES;
				CLANG_WARN_EMPTY_BODY = YES;
				CLANG_WARN_ENUM_CONVERSION = YES;
				CLANG_WARN_INFINITE_RECURSION = YES;
				CLANG_WARN_INT_CONVERSION = YES;
				CLANG_WARN_NON_LITERAL_NULL_CONVERSION = YES;
				CLANG_WARN_OBJC_IMPLICIT_RETAIN_SELF = YES;
				CLANG_WARN_OBJC_LITERAL_CONVERSION = YES;
				CLANG_WARN_OBJC_ROOT_CLASS = YES_ERROR;
				CLANG_WARN_QUOTED_INCLUDE_IN_FRAMEWORK_HEADER = YES;
				CLANG_WARN_RANGE_LOOP_ANALYSIS = YES;
				CLANG_WARN_STRICT_PROTOTYPES = YES;
				CLANG_WARN_SUSPICIOUS_MOVE = YES;
				CLANG_WARN_UNGUARDED_AVAILABILITY = YES_AGGRESSIVE;
				CLANG_WARN_UNREACHABLE_CODE = YES;
				CLANG_WARN__DUPLICATE_METHOD_MATCH = YES;
				COPY_PHASE_STRIP = NO;
				DEBUG_INFORMATION_FORMAT = dwarf;
				ENABLE_STRICT_OBJC_MSGSEND = YES;
				ENABLE_TESTABILITY = YES;
				GCC_C_LANGUAGE_STANDARD = gnu11;
				GCC_DYNAMIC_NO_PIC = NO;
				GCC_NO_COMMON_BLOCKS = YES;
				GCC_OPTIMIZATION_LEVEL = 0;
				GCC_PREPROCESSOR_DEFINITIONS = (
					"DEBUG=1",
					"$(inherited)",
				);
				GCC_WARN_64_TO_32_BIT_CONVERSION = YES;
				GCC_WARN_ABOUT_RETURN_TYPE = YES_ERROR;
				GCC_WARN_UNDECLARED_SELECTOR = YES;
				GCC_WARN_UNINITIALIZED_AUTOS = YES_AGGRESSIVE;
				GCC_WARN_UNUSED_FUNCTION = YES;
				GCC_WARN_UNUSED_VARIABLE = YES;
				IPHONEOS_DEPLOYMENT_TARGET = 15.5;
				MTL_ENABLE_DEBUG_INFO = INCLUDE_SOURCE;
				MTL_FAST_MATH = YES;
				ONLY_ACTIVE_ARCH = YES;
				SDKROOT = iphoneos;
				SWIFT_ACTIVE_COMPILATION_CONDITIONS = DEBUG;
				SWIFT_OPTIMIZATION_LEVEL = "-Onone";
			};
			name = Debug;
		};
		E60BB4E52858837300781E84 /* Release */ = {
			isa = XCBuildConfiguration;
			buildSettings = {
				ALWAYS_SEARCH_USER_PATHS = NO;
				CLANG_ANALYZER_NONNULL = YES;
				CLANG_ANALYZER_NUMBER_OBJECT_CONVERSION = YES_AGGRESSIVE;
				CLANG_CXX_LANGUAGE_STANDARD = "gnu++17";
				CLANG_ENABLE_MODULES = YES;
				CLANG_ENABLE_OBJC_ARC = YES;
				CLANG_ENABLE_OBJC_WEAK = YES;
				CLANG_WARN_BLOCK_CAPTURE_AUTORELEASING = YES;
				CLANG_WARN_BOOL_CONVERSION = YES;
				CLANG_WARN_COMMA = YES;
				CLANG_WARN_CONSTANT_CONVERSION = YES;
				CLANG_WARN_DEPRECATED_OBJC_IMPLEMENTATIONS = YES;
				CLANG_WARN_DIRECT_OBJC_ISA_USAGE = YES_ERROR;
				CLANG_WARN_DOCUMENTATION_COMMENTS = YES;
				CLANG_WARN_EMPTY_BODY = YES;
				CLANG_WARN_ENUM_CONVERSION = YES;
				CLANG_WARN_INFINITE_RECURSION = YES;
				CLANG_WARN_INT_CONVERSION = YES;
				CLANG_WARN_NON_LITERAL_NULL_CONVERSION = YES;
				CLANG_WARN_OBJC_IMPLICIT_RETAIN_SELF = YES;
				CLANG_WARN_OBJC_LITERAL_CONVERSION = YES;
				CLANG_WARN_OBJC_ROOT_CLASS = YES_ERROR;
				CLANG_WARN_QUOTED_INCLUDE_IN_FRAMEWORK_HEADER = YES;
				CLANG_WARN_RANGE_LOOP_ANALYSIS = YES;
				CLANG_WARN_STRICT_PROTOTYPES = YES;
				CLANG_WARN_SUSPICIOUS_MOVE = YES;
				CLANG_WARN_UNGUARDED_AVAILABILITY = YES_AGGRESSIVE;
				CLANG_WARN_UNREACHABLE_CODE = YES;
				CLANG_WARN__DUPLICATE_METHOD_MATCH = YES;
				COPY_PHASE_STRIP = NO;
				DEBUG_INFORMATION_FORMAT = "dwarf-with-dsym";
				ENABLE_NS_ASSERTIONS = NO;
				ENABLE_STRICT_OBJC_MSGSEND = YES;
				GCC_C_LANGUAGE_STANDARD = gnu11;
				GCC_NO_COMMON_BLOCKS = YES;
				GCC_WARN_64_TO_32_BIT_CONVERSION = YES;
				GCC_WARN_ABOUT_RETURN_TYPE = YES_ERROR;
				GCC_WARN_UNDECLARED_SELECTOR = YES;
				GCC_WARN_UNINITIALIZED_AUTOS = YES_AGGRESSIVE;
				GCC_WARN_UNUSED_FUNCTION = YES;
				GCC_WARN_UNUSED_VARIABLE = YES;
				IPHONEOS_DEPLOYMENT_TARGET = 15.5;
				MTL_ENABLE_DEBUG_INFO = NO;
				MTL_FAST_MATH = YES;
				SDKROOT = iphoneos;
				SWIFT_COMPILATION_MODE = wholemodule;
				SWIFT_OPTIMIZATION_LEVEL = "-O";
				VALIDATE_PRODUCT = YES;
			};
			name = Release;
		};
		E60BB4E72858837300781E84 /* Debug */ = {
			isa = XCBuildConfiguration;
			baseConfigurationReference = CD1BDDB0C50F7DA25799C3D1 /* Pods-TodayApp.debug.xcconfig */;
			buildSettings = {
				ASSETCATALOG_COMPILER_APPICON_NAME = AppIcon;
				ASSETCATALOG_COMPILER_GLOBAL_ACCENT_COLOR_NAME = AccentColor;
				CODE_SIGN_STYLE = Automatic;
				CURRENT_PROJECT_VERSION = 1;
				DEVELOPMENT_TEAM = RMKL9668HQ;
				GENERATE_INFOPLIST_FILE = YES;
				INFOPLIST_FILE = TodayApp/Info.plist;
				INFOPLIST_KEY_UIApplicationSupportsIndirectInputEvents = YES;
				INFOPLIST_KEY_UILaunchStoryboardName = LaunchScreen;
				INFOPLIST_KEY_UISupportedInterfaceOrientations = UIInterfaceOrientationPortrait;
				INFOPLIST_KEY_UISupportedInterfaceOrientations_iPad = "UIInterfaceOrientationPortrait UIInterfaceOrientationPortraitUpsideDown UIInterfaceOrientationLandscapeLeft UIInterfaceOrientationLandscapeRight";
				INFOPLIST_KEY_UISupportedInterfaceOrientations_iPhone = "UIInterfaceOrientationPortrait UIInterfaceOrientationLandscapeLeft UIInterfaceOrientationLandscapeRight";
				INFOPLIST_KEY_UIUserInterfaceStyle = Light;
				IPHONEOS_DEPLOYMENT_TARGET = 13.0;
				LD_RUNPATH_SEARCH_PATHS = (
					"$(inherited)",
					"@executable_path/Frameworks",
				);
				MARKETING_VERSION = 1.0;
				PRODUCT_BUNDLE_IDENTIFIER = "shoh-gmail.com.TodayApp";
				PRODUCT_NAME = "$(TARGET_NAME)";
				SWIFT_EMIT_LOC_STRINGS = YES;
				SWIFT_VERSION = 5.0;
				TARGETED_DEVICE_FAMILY = 1;
			};
			name = Debug;
		};
		E60BB4E82858837300781E84 /* Release */ = {
			isa = XCBuildConfiguration;
			baseConfigurationReference = 266AED7FED52E954BE26DC01 /* Pods-TodayApp.release.xcconfig */;
			buildSettings = {
				ASSETCATALOG_COMPILER_APPICON_NAME = AppIcon;
				ASSETCATALOG_COMPILER_GLOBAL_ACCENT_COLOR_NAME = AccentColor;
				CODE_SIGN_STYLE = Automatic;
				CURRENT_PROJECT_VERSION = 1;
				DEVELOPMENT_TEAM = RMKL9668HQ;
				GENERATE_INFOPLIST_FILE = YES;
				INFOPLIST_FILE = TodayApp/Info.plist;
				INFOPLIST_KEY_UIApplicationSupportsIndirectInputEvents = YES;
				INFOPLIST_KEY_UILaunchStoryboardName = LaunchScreen;
				INFOPLIST_KEY_UISupportedInterfaceOrientations = UIInterfaceOrientationPortrait;
				INFOPLIST_KEY_UISupportedInterfaceOrientations_iPad = "UIInterfaceOrientationPortrait UIInterfaceOrientationPortraitUpsideDown UIInterfaceOrientationLandscapeLeft UIInterfaceOrientationLandscapeRight";
				INFOPLIST_KEY_UISupportedInterfaceOrientations_iPhone = "UIInterfaceOrientationPortrait UIInterfaceOrientationLandscapeLeft UIInterfaceOrientationLandscapeRight";
				INFOPLIST_KEY_UIUserInterfaceStyle = Light;
				IPHONEOS_DEPLOYMENT_TARGET = 13.0;
				LD_RUNPATH_SEARCH_PATHS = (
					"$(inherited)",
					"@executable_path/Frameworks",
				);
				MARKETING_VERSION = 1.0;
				PRODUCT_BUNDLE_IDENTIFIER = "shoh-gmail.com.TodayApp";
				PRODUCT_NAME = "$(TARGET_NAME)";
				SWIFT_EMIT_LOC_STRINGS = YES;
				SWIFT_VERSION = 5.0;
				TARGETED_DEVICE_FAMILY = 1;
			};
			name = Release;
		};
		E60BB4EA2858837300781E84 /* Debug */ = {
			isa = XCBuildConfiguration;
			baseConfigurationReference = E5FDE405416D477C7C832950 /* Pods-TodayAppTests.debug.xcconfig */;
			buildSettings = {
				ALWAYS_EMBED_SWIFT_STANDARD_LIBRARIES = YES;
				BUNDLE_LOADER = "$(TEST_HOST)";
				CODE_SIGN_STYLE = Automatic;
				CURRENT_PROJECT_VERSION = 1;
				DEVELOPMENT_TEAM = RMKL9668HQ;
				GENERATE_INFOPLIST_FILE = YES;
				IPHONEOS_DEPLOYMENT_TARGET = 15.5;
				MARKETING_VERSION = 1.0;
				PRODUCT_BUNDLE_IDENTIFIER = "shoh-gmail.com.TodayAppTests";
				PRODUCT_NAME = "$(TARGET_NAME)";
				SWIFT_EMIT_LOC_STRINGS = NO;
				SWIFT_VERSION = 5.0;
				TARGETED_DEVICE_FAMILY = "1,2";
				TEST_HOST = "$(BUILT_PRODUCTS_DIR)/TodayApp.app/TodayApp";
			};
			name = Debug;
		};
		E60BB4EB2858837300781E84 /* Release */ = {
			isa = XCBuildConfiguration;
			baseConfigurationReference = 5A2022B6E55B419AC2ADC1B4 /* Pods-TodayAppTests.release.xcconfig */;
			buildSettings = {
				ALWAYS_EMBED_SWIFT_STANDARD_LIBRARIES = YES;
				BUNDLE_LOADER = "$(TEST_HOST)";
				CODE_SIGN_STYLE = Automatic;
				CURRENT_PROJECT_VERSION = 1;
				DEVELOPMENT_TEAM = RMKL9668HQ;
				GENERATE_INFOPLIST_FILE = YES;
				IPHONEOS_DEPLOYMENT_TARGET = 15.5;
				MARKETING_VERSION = 1.0;
				PRODUCT_BUNDLE_IDENTIFIER = "shoh-gmail.com.TodayAppTests";
				PRODUCT_NAME = "$(TARGET_NAME)";
				SWIFT_EMIT_LOC_STRINGS = NO;
				SWIFT_VERSION = 5.0;
				TARGETED_DEVICE_FAMILY = "1,2";
				TEST_HOST = "$(BUILT_PRODUCTS_DIR)/TodayApp.app/TodayApp";
			};
			name = Release;
		};
		E60BB4ED2858837300781E84 /* Debug */ = {
			isa = XCBuildConfiguration;
			baseConfigurationReference = 5C9972416E93F3473FC7A6AB /* Pods-TodayApp-TodayAppUITests.debug.xcconfig */;
			buildSettings = {
				ALWAYS_EMBED_SWIFT_STANDARD_LIBRARIES = YES;
				CODE_SIGN_STYLE = Automatic;
				CURRENT_PROJECT_VERSION = 1;
				DEVELOPMENT_TEAM = RMKL9668HQ;
				GENERATE_INFOPLIST_FILE = YES;
				MARKETING_VERSION = 1.0;
				PRODUCT_BUNDLE_IDENTIFIER = "shoh-gmail.com.TodayAppUITests";
				PRODUCT_NAME = "$(TARGET_NAME)";
				SWIFT_EMIT_LOC_STRINGS = NO;
				SWIFT_VERSION = 5.0;
				TARGETED_DEVICE_FAMILY = "1,2";
				TEST_TARGET_NAME = TodayApp;
			};
			name = Debug;
		};
		E60BB4EE2858837300781E84 /* Release */ = {
			isa = XCBuildConfiguration;
			baseConfigurationReference = D3A7AD2CF1E614D6A60F70BE /* Pods-TodayApp-TodayAppUITests.release.xcconfig */;
			buildSettings = {
				ALWAYS_EMBED_SWIFT_STANDARD_LIBRARIES = YES;
				CODE_SIGN_STYLE = Automatic;
				CURRENT_PROJECT_VERSION = 1;
				DEVELOPMENT_TEAM = RMKL9668HQ;
				GENERATE_INFOPLIST_FILE = YES;
				MARKETING_VERSION = 1.0;
				PRODUCT_BUNDLE_IDENTIFIER = "shoh-gmail.com.TodayAppUITests";
				PRODUCT_NAME = "$(TARGET_NAME)";
				SWIFT_EMIT_LOC_STRINGS = NO;
				SWIFT_VERSION = 5.0;
				TARGETED_DEVICE_FAMILY = "1,2";
				TEST_TARGET_NAME = TodayApp;
			};
			name = Release;
		};
/* End XCBuildConfiguration section */

/* Begin XCConfigurationList section */
		E60BB4B72858837000781E84 /* Build configuration list for PBXProject "TodayApp" */ = {
			isa = XCConfigurationList;
			buildConfigurations = (
				E60BB4E42858837300781E84 /* Debug */,
				E60BB4E52858837300781E84 /* Release */,
			);
			defaultConfigurationIsVisible = 0;
			defaultConfigurationName = Release;
		};
		E60BB4E62858837300781E84 /* Build configuration list for PBXNativeTarget "TodayApp" */ = {
			isa = XCConfigurationList;
			buildConfigurations = (
				E60BB4E72858837300781E84 /* Debug */,
				E60BB4E82858837300781E84 /* Release */,
			);
			defaultConfigurationIsVisible = 0;
			defaultConfigurationName = Release;
		};
		E60BB4E92858837300781E84 /* Build configuration list for PBXNativeTarget "TodayAppTests" */ = {
			isa = XCConfigurationList;
			buildConfigurations = (
				E60BB4EA2858837300781E84 /* Debug */,
				E60BB4EB2858837300781E84 /* Release */,
			);
			defaultConfigurationIsVisible = 0;
			defaultConfigurationName = Release;
		};
		E60BB4EC2858837300781E84 /* Build configuration list for PBXNativeTarget "TodayAppUITests" */ = {
			isa = XCConfigurationList;
			buildConfigurations = (
				E60BB4ED2858837300781E84 /* Debug */,
				E60BB4EE2858837300781E84 /* Release */,
			);
			defaultConfigurationIsVisible = 0;
			defaultConfigurationName = Release;
		};
/* End XCConfigurationList section */
	};
	rootObject = E60BB4B42858837000781E84 /* Project object */;
}
